
Microsoft Visual Studio Solution File, Format Version 12.00
# Visual Studio Version 17
VisualStudioVersion = 17.9.34728.123
MinimumVisualStudioVersion = 10.0.40219.1
Project("{FAE04EC0-301F-11D3-BF4B-00C04F79EFBC}") = "PasswordTheBest", "PasswordTheBest\PasswordTheBest.csproj", "{8FA3F421-4492-4BAF-BE41-093CD7F76DBC}"
EndProject
Project("{FAE04EC0-301F-11D3-BF4B-00C04F79EFBC}") = "PasswordTheBest.Tests", "PasswordTheBest.Test\PasswordTheBest.Tests.csproj", "{5DCA64BC-3A27-4787-9223-2F91605EC4DA}"
EndProject
Global
	GlobalSection(SolutionConfigurationPlatforms) = preSolution
		Debug|Any CPU = Debug|Any CPU
		Release|Any CPU = Release|Any CPU
	EndGlobalSection
	GlobalSection(ProjectConfigurationPlatforms) = postSolution
		{8FA3F421-4492-4BAF-BE41-093CD7F76DBC}.Debug|Any CPU.ActiveCfg = Debug|Any CPU
		{8FA3F421-4492-4BAF-BE41-093CD7F76DBC}.Debug|Any CPU.Build.0 = Debug|Any CPU
		{8FA3F421-4492-4BAF-BE41-093CD7F76DBC}.Release|Any CPU.ActiveCfg = Release|Any CPU
		{8FA3F421-4492-4BAF-BE41-093CD7F76DBC}.Release|Any CPU.Build.0 = Release|Any CPU
		{5DCA64BC-3A27-4787-9223-2F91605EC4DA}.Debug|Any CPU.ActiveCfg = Debug|Any CPU
		{5DCA64BC-3A27-4787-9223-2F91605EC4DA}.Debug|Any CPU.Build.0 = Debug|Any CPU
		{5DCA64BC-3A27-4787-9223-2F91605EC4DA}.Release|Any CPU.ActiveCfg = Release|Any CPU
		{5DCA64BC-3A27-4787-9223-2F91605EC4DA}.Release|Any CPU.Build.0 = Release|Any CPU
	EndGlobalSection
	GlobalSection(SolutionProperties) = preSolution
		HideSolutionNode = FALSE
	EndGlobalSection
	GlobalSection(ExtensibilityGlobals) = postSolution
		SolutionGuid = {2F3F1998-ED64-4C19-90B9-90D5FF930834}
	EndGlobalSection
EndGlobal
